
Microsoft Visual Studio Solution File, Format Version 12.00
# Visual Studio Version 16
VisualStudioVersion = 16.0.30114.105
MinimumVisualStudioVersion = 10.0.40219.1
Project("{FAE04EC0-301F-11D3-BF4B-00C04F79EFBC}") = "library", "library\library.csproj", "{3A96A044-C683-4171-AC1F-EC9F107341F7}"
EndProject
Project("{FAE04EC0-301F-11D3-BF4B-00C04F79EFBC}") = "console-app", "console-app\console-app.csproj", "{C0C8A4D5-7F1F-46C9-AF9D-C0F14BEA884A}"
EndProject
Global
	GlobalSection(SolutionConfigurationPlatforms) = preSolution
		Debug|Any CPU = Debug|Any CPU
		Debug|x64 = Debug|x64
		Debug|x86 = Debug|x86
		Release|Any CPU = Release|Any CPU
		Release|x64 = Release|x64
		Release|x86 = Release|x86
	EndGlobalSection
	GlobalSection(SolutionProperties) = preSolution
		HideSolutionNode = FALSE
	EndGlobalSection
	GlobalSection(ProjectConfigurationPlatforms) = postSolution
		{3A96A044-C683-4171-AC1F-EC9F107341F7}.Debug|Any CPU.ActiveCfg = Debug|Any CPU
		{3A96A044-C683-4171-AC1F-EC9F107341F7}.Debug|Any CPU.Build.0 = Debug|Any CPU
		{3A96A044-C683-4171-AC1F-EC9F107341F7}.Debug|x64.ActiveCfg = Debug|Any CPU
		{3A96A044-C683-4171-AC1F-EC9F107341F7}.Debug|x64.Build.0 = Debug|Any CPU
		{3A96A044-C683-4171-AC1F-EC9F107341F7}.Debug|x86.ActiveCfg = Debug|Any CPU
		{3A96A044-C683-4171-AC1F-EC9F107341F7}.Debug|x86.Build.0 = Debug|Any CPU
		{3A96A044-C683-4171-AC1F-EC9F107341F7}.Release|Any CPU.ActiveCfg = Release|Any CPU
		{3A96A044-C683-4171-AC1F-EC9F107341F7}.Release|Any CPU.Build.0 = Release|Any CPU
		{3A96A044-C683-4171-AC1F-EC9F107341F7}.Release|x64.ActiveCfg = Release|Any CPU
		{3A96A044-C683-4171-AC1F-EC9F107341F7}.Release|x64.Build.0 = Release|Any CPU
		{3A96A044-C683-4171-AC1F-EC9F107341F7}.Release|x86.ActiveCfg = Release|Any CPU
		{3A96A044-C683-4171-AC1F-EC9F107341F7}.Release|x86.Build.0 = Release|Any CPU
		{C0C8A4D5-7F1F-46C9-AF9D-C0F14BEA884A}.Debug|Any CPU.ActiveCfg = Debug|Any CPU
		{C0C8A4D5-7F1F-46C9-AF9D-C0F14BEA884A}.Debug|Any CPU.Build.0 = Debug|Any CPU
		{C0C8A4D5-7F1F-46C9-AF9D-C0F14BEA884A}.Debug|x64.ActiveCfg = Debug|Any CPU
		{C0C8A4D5-7F1F-46C9-AF9D-C0F14BEA884A}.Debug|x64.Build.0 = Debug|Any CPU
		{C0C8A4D5-7F1F-46C9-AF9D-C0F14BEA884A}.Debug|x86.ActiveCfg = Debug|Any CPU
		{C0C8A4D5-7F1F-46C9-AF9D-C0F14BEA884A}.Debug|x86.Build.0 = Debug|Any CPU
		{C0C8A4D5-7F1F-46C9-AF9D-C0F14BEA884A}.Release|Any CPU.ActiveCfg = Release|Any CPU
		{C0C8A4D5-7F1F-46C9-AF9D-C0F14BEA884A}.Release|Any CPU.Build.0 = Release|Any CPU
		{C0C8A4D5-7F1F-46C9-AF9D-C0F14BEA884A}.Release|x64.ActiveCfg = Release|Any CPU
		{C0C8A4D5-7F1F-46C9-AF9D-C0F14BEA884A}.Release|x64.Build.0 = Release|Any CPU
		{C0C8A4D5-7F1F-46C9-AF9D-C0F14BEA884A}.Release|x86.ActiveCfg = Release|Any CPU
		{C0C8A4D5-7F1F-46C9-AF9D-C0F14BEA884A}.Release|x86.Build.0 = Release|Any CPU
	EndGlobalSection
EndGlobal
